
Microsoft Visual Studio Solution File, Format Version 12.00
# Visual Studio Version 16
VisualStudioVersion = 16.0.30011.22
MinimumVisualStudioVersion = 10.0.40219.1
Project("{2150E333-8FDC-42A3-9474-1A3956D46DE8}") = "src", "src", "{89B27191-BDBA-45B4-8068-F7960D2BF639}"
EndProject
Project("{2150E333-8FDC-42A3-9474-1A3956D46DE8}") = "Core", "Core", "{AA2965DB-6601-4539-831E-AB571B92D1C7}"
EndProject
Project("{2150E333-8FDC-42A3-9474-1A3956D46DE8}") = "APIs", "APIs", "{F5B42493-4BA3-4604-A4E2-B6E90115367C}"
EndProject
Project("{2150E333-8FDC-42A3-9474-1A3956D46DE8}") = "Clients", "Clients", "{3C81A775-C32F-455B-A91F-A447A3B89CE8}"
EndProject
Project("{9A19103F-16F7-4668-BE54-9A1E7A4F7556}") = "Infrastructure", "src\Core\Infrastructure\Infrastructure.csproj", "{FC2D0B60-E82C-44F7-BBFD-147228291880}"
EndProject
Project("{2150E333-8FDC-42A3-9474-1A3956D46DE8}") = "AuthServer", "AuthServer", "{4D13BD7E-2833-4811-829C-5814430467CE}"
EndProject
Project("{2150E333-8FDC-42A3-9474-1A3956D46DE8}") = "Weather", "Weather", "{6B0BCFFA-255D-4EF7-A2F9-216EF5061C76}"
EndProject
Project("{2150E333-8FDC-42A3-9474-1A3956D46DE8}") = "Email", "Email", "{5D856BD1-EF69-44F2-B234-C33BE13C9CA0}"
EndProject
Project("{9A19103F-16F7-4668-BE54-9A1E7A4F7556}") = "Weather.Api", "src\APIs\Weather.Api\Weather.Api.csproj", "{3A9B6203-DD5E-498D-B8C8-C44AE4D9F9B7}"
EndProject
Project("{9A19103F-16F7-4668-BE54-9A1E7A4F7556}") = "Email.Api", "src\APIs\Email.Api\Email.Api.csproj", "{AFE6982B-D5A7-4127-BC35-26D32BD2FBBE}"
EndProject
Global
	GlobalSection(SolutionConfigurationPlatforms) = preSolution
		Debug|Any CPU = Debug|Any CPU
		Release|Any CPU = Release|Any CPU
	EndGlobalSection
	GlobalSection(ProjectConfigurationPlatforms) = postSolution
		{FC2D0B60-E82C-44F7-BBFD-147228291880}.Debug|Any CPU.ActiveCfg = Debug|Any CPU
		{FC2D0B60-E82C-44F7-BBFD-147228291880}.Debug|Any CPU.Build.0 = Debug|Any CPU
		{FC2D0B60-E82C-44F7-BBFD-147228291880}.Release|Any CPU.ActiveCfg = Release|Any CPU
		{FC2D0B60-E82C-44F7-BBFD-147228291880}.Release|Any CPU.Build.0 = Release|Any CPU
		{3A9B6203-DD5E-498D-B8C8-C44AE4D9F9B7}.Debug|Any CPU.ActiveCfg = Debug|Any CPU
		{3A9B6203-DD5E-498D-B8C8-C44AE4D9F9B7}.Debug|Any CPU.Build.0 = Debug|Any CPU
		{3A9B6203-DD5E-498D-B8C8-C44AE4D9F9B7}.Release|Any CPU.ActiveCfg = Release|Any CPU
		{3A9B6203-DD5E-498D-B8C8-C44AE4D9F9B7}.Release|Any CPU.Build.0 = Release|Any CPU
		{AFE6982B-D5A7-4127-BC35-26D32BD2FBBE}.Debug|Any CPU.ActiveCfg = Debug|Any CPU
		{AFE6982B-D5A7-4127-BC35-26D32BD2FBBE}.Debug|Any CPU.Build.0 = Debug|Any CPU
		{AFE6982B-D5A7-4127-BC35-26D32BD2FBBE}.Release|Any CPU.ActiveCfg = Release|Any CPU
		{AFE6982B-D5A7-4127-BC35-26D32BD2FBBE}.Release|Any CPU.Build.0 = Release|Any CPU
	EndGlobalSection
	GlobalSection(SolutionProperties) = preSolution
		HideSolutionNode = FALSE
	EndGlobalSection
	GlobalSection(NestedProjects) = preSolution
		{AA2965DB-6601-4539-831E-AB571B92D1C7} = {89B27191-BDBA-45B4-8068-F7960D2BF639}
		{F5B42493-4BA3-4604-A4E2-B6E90115367C} = {89B27191-BDBA-45B4-8068-F7960D2BF639}
		{3C81A775-C32F-455B-A91F-A447A3B89CE8} = {89B27191-BDBA-45B4-8068-F7960D2BF639}
		{FC2D0B60-E82C-44F7-BBFD-147228291880} = {AA2965DB-6601-4539-831E-AB571B92D1C7}
		{4D13BD7E-2833-4811-829C-5814430467CE} = {F5B42493-4BA3-4604-A4E2-B6E90115367C}
		{6B0BCFFA-255D-4EF7-A2F9-216EF5061C76} = {F5B42493-4BA3-4604-A4E2-B6E90115367C}
		{5D856BD1-EF69-44F2-B234-C33BE13C9CA0} = {F5B42493-4BA3-4604-A4E2-B6E90115367C}
		{3A9B6203-DD5E-498D-B8C8-C44AE4D9F9B7} = {6B0BCFFA-255D-4EF7-A2F9-216EF5061C76}
		{AFE6982B-D5A7-4127-BC35-26D32BD2FBBE} = {5D856BD1-EF69-44F2-B234-C33BE13C9CA0}
	EndGlobalSection
	GlobalSection(ExtensibilityGlobals) = postSolution
		SolutionGuid = {E332E16C-B3F6-4883-9A62-2D8DC81CF280}
	EndGlobalSection
EndGlobal
