
Microsoft Visual Studio Solution File, Format Version 12.00
# Visual Studio Version 16
VisualStudioVersion = 16.0.30011.22
MinimumVisualStudioVersion = 10.0.40219.1
Project("{2150E333-8FDC-42A3-9474-1A3956D46DE8}") = "src", "src", "{89B27191-BDBA-45B4-8068-F7960D2BF639}"
EndProject
Project("{2150E333-8FDC-42A3-9474-1A3956D46DE8}") = "Common", "Common", "{AA2965DB-6601-4539-831E-AB571B92D1C7}"
EndProject
Project("{2150E333-8FDC-42A3-9474-1A3956D46DE8}") = "APIs", "APIs", "{F5B42493-4BA3-4604-A4E2-B6E90115367C}"
EndProject
Project("{2150E333-8FDC-42A3-9474-1A3956D46DE8}") = "Clients", "Clients", "{3C81A775-C32F-455B-A91F-A447A3B89CE8}"
EndProject
Project("{2150E333-8FDC-42A3-9474-1A3956D46DE8}") = "AuthServer", "AuthServer", "{4D13BD7E-2833-4811-829C-5814430467CE}"
EndProject
Project("{2150E333-8FDC-42A3-9474-1A3956D46DE8}") = "Weather", "Weather", "{6B0BCFFA-255D-4EF7-A2F9-216EF5061C76}"
EndProject
Project("{2150E333-8FDC-42A3-9474-1A3956D46DE8}") = "Email", "Email", "{5D856BD1-EF69-44F2-B234-C33BE13C9CA0}"
EndProject
Project("{9A19103F-16F7-4668-BE54-9A1E7A4F7556}") = "Persistence", "src\Common\Persistence\Persistence.csproj", "{94FEDE62-9073-44A9-8D5C-D9E78FF096E9}"
EndProject
Project("{9A19103F-16F7-4668-BE54-9A1E7A4F7556}") = "Infrastructure", "src\Common\Infrastructure\Infrastructure.csproj", "{199E5DBB-3950-4EDE-92BC-C73C721198B2}"
EndProject
Project("{9A19103F-16F7-4668-BE54-9A1E7A4F7556}") = "Weather.Api", "src\APIs\Weather\Weather.Api\Weather.Api.csproj", "{6B0E29CE-4797-436C-9580-0A259047C5D2}"
EndProject
Project("{9A19103F-16F7-4668-BE54-9A1E7A4F7556}") = "Email.Api", "src\APIs\Email\Email.Api\Email.Api.csproj", "{538CE6A7-135A-4AF3-B3FA-70A28B899699}"
EndProject
Project("{9A19103F-16F7-4668-BE54-9A1E7A4F7556}") = "Weather.Domain", "src\APIs\Weather\Weather.Domain\Weather.Domain.csproj", "{AB6BF2AE-6B50-4B17-AA50-5D73CB9A8A4E}"
EndProject
Project("{9A19103F-16F7-4668-BE54-9A1E7A4F7556}") = "Common", "src\Common\Common\Common.csproj", "{823CEF9E-63E4-4CD1-BB35-CD838711A774}"
EndProject
Project("{9A19103F-16F7-4668-BE54-9A1E7A4F7556}") = "Email.Domain", "src\APIs\Email\Email.Domain\Email.Domain.csproj", "{028D0177-B38A-4945-8B96-0F723B31DB1E}"
EndProject
Global
	GlobalSection(SolutionConfigurationPlatforms) = preSolution
		Debug|Any CPU = Debug|Any CPU
		Release|Any CPU = Release|Any CPU
	EndGlobalSection
	GlobalSection(ProjectConfigurationPlatforms) = postSolution
		{94FEDE62-9073-44A9-8D5C-D9E78FF096E9}.Debug|Any CPU.ActiveCfg = Debug|Any CPU
		{94FEDE62-9073-44A9-8D5C-D9E78FF096E9}.Debug|Any CPU.Build.0 = Debug|Any CPU
		{94FEDE62-9073-44A9-8D5C-D9E78FF096E9}.Release|Any CPU.ActiveCfg = Release|Any CPU
		{94FEDE62-9073-44A9-8D5C-D9E78FF096E9}.Release|Any CPU.Build.0 = Release|Any CPU
		{199E5DBB-3950-4EDE-92BC-C73C721198B2}.Debug|Any CPU.ActiveCfg = Debug|Any CPU
		{199E5DBB-3950-4EDE-92BC-C73C721198B2}.Debug|Any CPU.Build.0 = Debug|Any CPU
		{199E5DBB-3950-4EDE-92BC-C73C721198B2}.Release|Any CPU.ActiveCfg = Release|Any CPU
		{199E5DBB-3950-4EDE-92BC-C73C721198B2}.Release|Any CPU.Build.0 = Release|Any CPU
		{6B0E29CE-4797-436C-9580-0A259047C5D2}.Debug|Any CPU.ActiveCfg = Debug|Any CPU
		{6B0E29CE-4797-436C-9580-0A259047C5D2}.Debug|Any CPU.Build.0 = Debug|Any CPU
		{6B0E29CE-4797-436C-9580-0A259047C5D2}.Release|Any CPU.ActiveCfg = Release|Any CPU
		{6B0E29CE-4797-436C-9580-0A259047C5D2}.Release|Any CPU.Build.0 = Release|Any CPU
		{538CE6A7-135A-4AF3-B3FA-70A28B899699}.Debug|Any CPU.ActiveCfg = Debug|Any CPU
		{538CE6A7-135A-4AF3-B3FA-70A28B899699}.Debug|Any CPU.Build.0 = Debug|Any CPU
		{538CE6A7-135A-4AF3-B3FA-70A28B899699}.Release|Any CPU.ActiveCfg = Release|Any CPU
		{538CE6A7-135A-4AF3-B3FA-70A28B899699}.Release|Any CPU.Build.0 = Release|Any CPU
		{AB6BF2AE-6B50-4B17-AA50-5D73CB9A8A4E}.Debug|Any CPU.ActiveCfg = Debug|Any CPU
		{AB6BF2AE-6B50-4B17-AA50-5D73CB9A8A4E}.Debug|Any CPU.Build.0 = Debug|Any CPU
		{AB6BF2AE-6B50-4B17-AA50-5D73CB9A8A4E}.Release|Any CPU.ActiveCfg = Release|Any CPU
		{AB6BF2AE-6B50-4B17-AA50-5D73CB9A8A4E}.Release|Any CPU.Build.0 = Release|Any CPU
		{823CEF9E-63E4-4CD1-BB35-CD838711A774}.Debug|Any CPU.ActiveCfg = Debug|Any CPU
		{823CEF9E-63E4-4CD1-BB35-CD838711A774}.Debug|Any CPU.Build.0 = Debug|Any CPU
		{823CEF9E-63E4-4CD1-BB35-CD838711A774}.Release|Any CPU.ActiveCfg = Release|Any CPU
		{823CEF9E-63E4-4CD1-BB35-CD838711A774}.Release|Any CPU.Build.0 = Release|Any CPU
		{028D0177-B38A-4945-8B96-0F723B31DB1E}.Debug|Any CPU.ActiveCfg = Debug|Any CPU
		{028D0177-B38A-4945-8B96-0F723B31DB1E}.Debug|Any CPU.Build.0 = Debug|Any CPU
		{028D0177-B38A-4945-8B96-0F723B31DB1E}.Release|Any CPU.ActiveCfg = Release|Any CPU
		{028D0177-B38A-4945-8B96-0F723B31DB1E}.Release|Any CPU.Build.0 = Release|Any CPU
	EndGlobalSection
	GlobalSection(SolutionProperties) = preSolution
		HideSolutionNode = FALSE
	EndGlobalSection
	GlobalSection(NestedProjects) = preSolution
		{AA2965DB-6601-4539-831E-AB571B92D1C7} = {89B27191-BDBA-45B4-8068-F7960D2BF639}
		{F5B42493-4BA3-4604-A4E2-B6E90115367C} = {89B27191-BDBA-45B4-8068-F7960D2BF639}
		{3C81A775-C32F-455B-A91F-A447A3B89CE8} = {89B27191-BDBA-45B4-8068-F7960D2BF639}
		{4D13BD7E-2833-4811-829C-5814430467CE} = {F5B42493-4BA3-4604-A4E2-B6E90115367C}
		{6B0BCFFA-255D-4EF7-A2F9-216EF5061C76} = {F5B42493-4BA3-4604-A4E2-B6E90115367C}
		{5D856BD1-EF69-44F2-B234-C33BE13C9CA0} = {F5B42493-4BA3-4604-A4E2-B6E90115367C}
		{94FEDE62-9073-44A9-8D5C-D9E78FF096E9} = {AA2965DB-6601-4539-831E-AB571B92D1C7}
		{199E5DBB-3950-4EDE-92BC-C73C721198B2} = {AA2965DB-6601-4539-831E-AB571B92D1C7}
		{6B0E29CE-4797-436C-9580-0A259047C5D2} = {6B0BCFFA-255D-4EF7-A2F9-216EF5061C76}
		{538CE6A7-135A-4AF3-B3FA-70A28B899699} = {5D856BD1-EF69-44F2-B234-C33BE13C9CA0}
		{AB6BF2AE-6B50-4B17-AA50-5D73CB9A8A4E} = {6B0BCFFA-255D-4EF7-A2F9-216EF5061C76}
		{823CEF9E-63E4-4CD1-BB35-CD838711A774} = {AA2965DB-6601-4539-831E-AB571B92D1C7}
		{028D0177-B38A-4945-8B96-0F723B31DB1E} = {5D856BD1-EF69-44F2-B234-C33BE13C9CA0}
	EndGlobalSection
	GlobalSection(ExtensibilityGlobals) = postSolution
		SolutionGuid = {E332E16C-B3F6-4883-9A62-2D8DC81CF280}
	EndGlobalSection
EndGlobal
